
Microsoft Visual Studio Solution File, Format Version 12.00
# Visual Studio Version 17
VisualStudioVersion = 17.2.32630.192
MinimumVisualStudioVersion = 10.0.40219.1
Project("{9A19103F-16F7-4668-BE54-9A1E7A4F7556}") = "R5T.Y0001", "R5T.Y0001\R5T.Y0001.csproj", "{3B1CA5BD-AC77-4E8A-9493-32EE94855622}"
EndProject
Project("{2150E333-8FDC-42A3-9474-1A3956D46DE8}") = "_Dependencies", "_Dependencies", "{C40AD63E-9ED0-496D-A8B9-275C9D838B57}"
EndProject
Project("{9A19103F-16F7-4668-BE54-9A1E7A4F7556}") = "R5T.Y0000", "..\..\R5T.Y0000\source\R5T.Y0000\R5T.Y0000.csproj", "{9748B4CB-7BD3-4D60-9A06-AE4BCEE3225C}"
EndProject
Project("{9A19103F-16F7-4668-BE54-9A1E7A4F7556}") = "R5T.T0143", "..\..\R5T.T0143\source\R5T.T0143\R5T.T0143.csproj", "{4C1C73CD-484E-4292-8962-D84328D1B181}"
EndProject
Project("{9A19103F-16F7-4668-BE54-9A1E7A4F7556}") = "R5T.T0156", "..\..\R5T.T0156\source\R5T.T0156\R5T.T0156.csproj", "{160AC392-8039-4228-99B5-E7F2506A4B7E}"
EndProject
Global
	GlobalSection(NestedProjects) = preSolution
		{9748B4CB-7BD3-4D60-9A06-AE4BCEE3225C} = {C40AD63E-9ED0-496D-A8B9-275C9D838B57}
		{4C1C73CD-484E-4292-8962-D84328D1B181} = {C40AD63E-9ED0-496D-A8B9-275C9D838B57}
		{160AC392-8039-4228-99B5-E7F2506A4B7E} = {C40AD63E-9ED0-496D-A8B9-275C9D838B57}
	EndGlobalSection
	GlobalSection(SolutionConfigurationPlatforms) = preSolution
		Debug|Any CPU = Debug|Any CPU
		Debug|x64 = Debug|x64
		Debug|x86 = Debug|x86
		Release|Any CPU = Release|Any CPU
		Release|x64 = Release|x64
		Release|x86 = Release|x86
	EndGlobalSection
	GlobalSection(ProjectConfigurationPlatforms) = postSolution
		{3B1CA5BD-AC77-4E8A-9493-32EE94855622}.Debug|Any CPU.ActiveCfg = Debug|Any CPU
		{3B1CA5BD-AC77-4E8A-9493-32EE94855622}.Debug|Any CPU.Build.0 = Debug|Any CPU
		{3B1CA5BD-AC77-4E8A-9493-32EE94855622}.Debug|x64.ActiveCfg = Debug|Any CPU
		{3B1CA5BD-AC77-4E8A-9493-32EE94855622}.Debug|x64.Build.0 = Debug|Any CPU
		{3B1CA5BD-AC77-4E8A-9493-32EE94855622}.Debug|x86.ActiveCfg = Debug|Any CPU
		{3B1CA5BD-AC77-4E8A-9493-32EE94855622}.Debug|x86.Build.0 = Debug|Any CPU
		{3B1CA5BD-AC77-4E8A-9493-32EE94855622}.Release|Any CPU.ActiveCfg = Release|Any CPU
		{3B1CA5BD-AC77-4E8A-9493-32EE94855622}.Release|Any CPU.Build.0 = Release|Any CPU
		{3B1CA5BD-AC77-4E8A-9493-32EE94855622}.Release|x64.ActiveCfg = Release|Any CPU
		{3B1CA5BD-AC77-4E8A-9493-32EE94855622}.Release|x64.Build.0 = Release|Any CPU
		{3B1CA5BD-AC77-4E8A-9493-32EE94855622}.Release|x86.ActiveCfg = Release|Any CPU
		{3B1CA5BD-AC77-4E8A-9493-32EE94855622}.Release|x86.Build.0 = Release|Any CPU
		{9748B4CB-7BD3-4D60-9A06-AE4BCEE3225C}.Debug|Any CPU.ActiveCfg = Debug|Any CPU
		{9748B4CB-7BD3-4D60-9A06-AE4BCEE3225C}.Debug|Any CPU.Build.0 = Debug|Any CPU
		{9748B4CB-7BD3-4D60-9A06-AE4BCEE3225C}.Debug|x64.ActiveCfg = Debug|Any CPU
		{9748B4CB-7BD3-4D60-9A06-AE4BCEE3225C}.Debug|x64.Build.0 = Debug|Any CPU
		{9748B4CB-7BD3-4D60-9A06-AE4BCEE3225C}.Debug|x86.ActiveCfg = Debug|Any CPU
		{9748B4CB-7BD3-4D60-9A06-AE4BCEE3225C}.Debug|x86.Build.0 = Debug|Any CPU
		{9748B4CB-7BD3-4D60-9A06-AE4BCEE3225C}.Release|Any CPU.ActiveCfg = Release|Any CPU
		{9748B4CB-7BD3-4D60-9A06-AE4BCEE3225C}.Release|Any CPU.Build.0 = Release|Any CPU
		{9748B4CB-7BD3-4D60-9A06-AE4BCEE3225C}.Release|x64.ActiveCfg = Release|Any CPU
		{9748B4CB-7BD3-4D60-9A06-AE4BCEE3225C}.Release|x64.Build.0 = Release|Any CPU
		{9748B4CB-7BD3-4D60-9A06-AE4BCEE3225C}.Release|x86.ActiveCfg = Release|Any CPU
		{9748B4CB-7BD3-4D60-9A06-AE4BCEE3225C}.Release|x86.Build.0 = Release|Any CPU
		{4C1C73CD-484E-4292-8962-D84328D1B181}.Debug|Any CPU.ActiveCfg = Debug|Any CPU
		{4C1C73CD-484E-4292-8962-D84328D1B181}.Debug|Any CPU.Build.0 = Debug|Any CPU
		{4C1C73CD-484E-4292-8962-D84328D1B181}.Debug|x64.ActiveCfg = Debug|Any CPU
		{4C1C73CD-484E-4292-8962-D84328D1B181}.Debug|x64.Build.0 = Debug|Any CPU
		{4C1C73CD-484E-4292-8962-D84328D1B181}.Debug|x86.ActiveCfg = Debug|Any CPU
		{4C1C73CD-484E-4292-8962-D84328D1B181}.Debug|x86.Build.0 = Debug|Any CPU
		{4C1C73CD-484E-4292-8962-D84328D1B181}.Release|Any CPU.ActiveCfg = Release|Any CPU
		{4C1C73CD-484E-4292-8962-D84328D1B181}.Release|Any CPU.Build.0 = Release|Any CPU
		{4C1C73CD-484E-4292-8962-D84328D1B181}.Release|x64.ActiveCfg = Release|Any CPU
		{4C1C73CD-484E-4292-8962-D84328D1B181}.Release|x64.Build.0 = Release|Any CPU
		{4C1C73CD-484E-4292-8962-D84328D1B181}.Release|x86.ActiveCfg = Release|Any CPU
		{4C1C73CD-484E-4292-8962-D84328D1B181}.Release|x86.Build.0 = Release|Any CPU
		{160AC392-8039-4228-99B5-E7F2506A4B7E}.Debug|Any CPU.ActiveCfg = Debug|Any CPU
		{160AC392-8039-4228-99B5-E7F2506A4B7E}.Debug|Any CPU.Build.0 = Debug|Any CPU
		{160AC392-8039-4228-99B5-E7F2506A4B7E}.Debug|x64.ActiveCfg = Debug|Any CPU
		{160AC392-8039-4228-99B5-E7F2506A4B7E}.Debug|x64.Build.0 = Debug|Any CPU
		{160AC392-8039-4228-99B5-E7F2506A4B7E}.Debug|x86.ActiveCfg = Debug|Any CPU
		{160AC392-8039-4228-99B5-E7F2506A4B7E}.Debug|x86.Build.0 = Debug|Any CPU
		{160AC392-8039-4228-99B5-E7F2506A4B7E}.Release|Any CPU.ActiveCfg = Release|Any CPU
		{160AC392-8039-4228-99B5-E7F2506A4B7E}.Release|Any CPU.Build.0 = Release|Any CPU
		{160AC392-8039-4228-99B5-E7F2506A4B7E}.Release|x64.ActiveCfg = Release|Any CPU
		{160AC392-8039-4228-99B5-E7F2506A4B7E}.Release|x64.Build.0 = Release|Any CPU
		{160AC392-8039-4228-99B5-E7F2506A4B7E}.Release|x86.ActiveCfg = Release|Any CPU
		{160AC392-8039-4228-99B5-E7F2506A4B7E}.Release|x86.Build.0 = Release|Any CPU
	EndGlobalSection
	GlobalSection(SolutionProperties) = preSolution
		HideSolutionNode = FALSE
	EndGlobalSection
	GlobalSection(ExtensibilityGlobals) = postSolution
		SolutionGuid = {E69A8263-D6C6-45D4-A770-7A99294BD688}
	EndGlobalSection
EndGlobal
